
Microsoft Visual Studio Solution File, Format Version 12.00
# Visual Studio Version 16
VisualStudioVersion = 16.0.30114.105
MinimumVisualStudioVersion = 10.0.40219.1
Project("{FAE04EC0-301F-11D3-BF4B-00C04F79EFBC}") = "01 - AutoResetEvent", "01 - AutoResetEvent\01 - AutoResetEvent.csproj", "{13444B85-C0E5-44B8-BA2E-1917D7C9F1C8}"
EndProject
Project("{FAE04EC0-301F-11D3-BF4B-00C04F79EFBC}") = "02 - ManualResetEvent", "02 - ManualResetEvent\02 - ManualResetEvent.csproj", "{35EF74C1-6891-4308-9286-D7F56FCF75D4}"
EndProject
Project("{FAE04EC0-301F-11D3-BF4B-00C04F79EFBC}") = "03 - CountdownEvent", "03 - CountdownEvent\03 - CountdownEvent.csproj", "{BECA0ABE-CCA1-44EC-842D-755035343AB4}"
EndProject
Project("{FAE04EC0-301F-11D3-BF4B-00C04F79EFBC}") = "04 - SignalAndWait", "04 - SignalAndWait\04 - SignalAndWait.csproj", "{20691BEE-FEB7-4E66-800B-C457DA16768B}"
EndProject
Project("{FAE04EC0-301F-11D3-BF4B-00C04F79EFBC}") = "05 - Barrier", "05 - Barrier\05 - Barrier.csproj", "{3EC51961-3768-4872-9F8E-35EAF35E6B25}"
EndProject
Global
	GlobalSection(SolutionConfigurationPlatforms) = preSolution
		Debug|Any CPU = Debug|Any CPU
		Release|Any CPU = Release|Any CPU
	EndGlobalSection
	GlobalSection(ProjectConfigurationPlatforms) = postSolution
		{13444B85-C0E5-44B8-BA2E-1917D7C9F1C8}.Debug|Any CPU.ActiveCfg = Debug|Any CPU
		{13444B85-C0E5-44B8-BA2E-1917D7C9F1C8}.Debug|Any CPU.Build.0 = Debug|Any CPU
		{13444B85-C0E5-44B8-BA2E-1917D7C9F1C8}.Release|Any CPU.ActiveCfg = Release|Any CPU
		{13444B85-C0E5-44B8-BA2E-1917D7C9F1C8}.Release|Any CPU.Build.0 = Release|Any CPU
		{35EF74C1-6891-4308-9286-D7F56FCF75D4}.Debug|Any CPU.ActiveCfg = Debug|Any CPU
		{35EF74C1-6891-4308-9286-D7F56FCF75D4}.Debug|Any CPU.Build.0 = Debug|Any CPU
		{35EF74C1-6891-4308-9286-D7F56FCF75D4}.Release|Any CPU.ActiveCfg = Release|Any CPU
		{35EF74C1-6891-4308-9286-D7F56FCF75D4}.Release|Any CPU.Build.0 = Release|Any CPU
		{BECA0ABE-CCA1-44EC-842D-755035343AB4}.Debug|Any CPU.ActiveCfg = Debug|Any CPU
		{BECA0ABE-CCA1-44EC-842D-755035343AB4}.Debug|Any CPU.Build.0 = Debug|Any CPU
		{BECA0ABE-CCA1-44EC-842D-755035343AB4}.Release|Any CPU.ActiveCfg = Release|Any CPU
		{BECA0ABE-CCA1-44EC-842D-755035343AB4}.Release|Any CPU.Build.0 = Release|Any CPU
		{20691BEE-FEB7-4E66-800B-C457DA16768B}.Debug|Any CPU.ActiveCfg = Debug|Any CPU
		{20691BEE-FEB7-4E66-800B-C457DA16768B}.Debug|Any CPU.Build.0 = Debug|Any CPU
		{20691BEE-FEB7-4E66-800B-C457DA16768B}.Release|Any CPU.ActiveCfg = Release|Any CPU
		{20691BEE-FEB7-4E66-800B-C457DA16768B}.Release|Any CPU.Build.0 = Release|Any CPU
		{3EC51961-3768-4872-9F8E-35EAF35E6B25}.Debug|Any CPU.ActiveCfg = Debug|Any CPU
		{3EC51961-3768-4872-9F8E-35EAF35E6B25}.Debug|Any CPU.Build.0 = Debug|Any CPU
		{3EC51961-3768-4872-9F8E-35EAF35E6B25}.Release|Any CPU.ActiveCfg = Release|Any CPU
		{3EC51961-3768-4872-9F8E-35EAF35E6B25}.Release|Any CPU.Build.0 = Release|Any CPU
	EndGlobalSection
	GlobalSection(SolutionProperties) = preSolution
		HideSolutionNode = FALSE
	EndGlobalSection
	GlobalSection(ExtensibilityGlobals) = postSolution
		SolutionGuid = {0E769D89-2CDC-4EB8-A653-CDC24785AE6B}
	EndGlobalSection
EndGlobal
