
Microsoft Visual Studio Solution File, Format Version 12.00
# Visual Studio Version 16
VisualStudioVersion = 16.0.30114.105
MinimumVisualStudioVersion = 10.0.40219.1
Project("{FAE04EC0-301F-11D3-BF4B-00C04F79EFBC}") = "Extracting", "Extracting\Extracting.csproj", "{BD2EC942-47EE-438F-9E6B-9FF35E5F5CA4}"
EndProject
Global
	GlobalSection(SolutionConfigurationPlatforms) = preSolution
		Debug|Any CPU = Debug|Any CPU
		Release|Any CPU = Release|Any CPU
	EndGlobalSection
	GlobalSection(ProjectConfigurationPlatforms) = postSolution
		{BD2EC942-47EE-438F-9E6B-9FF35E5F5CA4}.Debug|Any CPU.ActiveCfg = Debug|Any CPU
		{BD2EC942-47EE-438F-9E6B-9FF35E5F5CA4}.Debug|Any CPU.Build.0 = Debug|Any CPU
		{BD2EC942-47EE-438F-9E6B-9FF35E5F5CA4}.Release|Any CPU.ActiveCfg = Release|Any CPU
		{BD2EC942-47EE-438F-9E6B-9FF35E5F5CA4}.Release|Any CPU.Build.0 = Release|Any CPU
	EndGlobalSection
	GlobalSection(SolutionProperties) = preSolution
		HideSolutionNode = FALSE
	EndGlobalSection
	GlobalSection(ExtensibilityGlobals) = postSolution
		SolutionGuid = {7B962134-05D6-4D5F-A5E1-5C99E9AABF90}
	EndGlobalSection
EndGlobal
