
Microsoft Visual Studio Solution File, Format Version 12.00
# Visual Studio Version 16
VisualStudioVersion = 16.0.30114.105
MinimumVisualStudioVersion = 10.0.40219.1
Project("{FAE04EC0-301F-11D3-BF4B-00C04F79EFBC}") = "01 - Interlocked", "01 - Interlocked\01 - Interlocked.csproj", "{CBF03E02-75B9-4C7B-88ED-748043F559EC}"
EndProject
Project("{FAE04EC0-301F-11D3-BF4B-00C04F79EFBC}") = "02 - Interlocked After", "02 - Interlocked After\02 - Interlocked After.csproj", "{179824E2-3354-4D33-A4C5-8661D554A679}"
EndProject
Project("{FAE04EC0-301F-11D3-BF4B-00C04F79EFBC}") = "03 - Interlocked Methods", "03 - Interlocked Methods\03 - Interlocked Methods.csproj", "{9360BEE7-3DED-468C-934F-F0553850D2CF}"
EndProject
Project("{FAE04EC0-301F-11D3-BF4B-00C04F79EFBC}") = "04 - Puzzle", "04 - Puzzle\04 - Puzzle.csproj", "{799D0FF2-2625-4E63-94D7-C8FD0A3CB1B1}"
EndProject
Project("{FAE04EC0-301F-11D3-BF4B-00C04F79EFBC}") = "05 - MemoryBarrier", "05 - MemoryBarrier\05 - MemoryBarrier.csproj", "{93EB94D0-74C3-4D75-81EA-25B59294A20D}"
EndProject
Project("{FAE04EC0-301F-11D3-BF4B-00C04F79EFBC}") = "06 - Joe Duffy", "06 - Joe Duffy\06 - Joe Duffy.csproj", "{53C3B669-0C1C-4E68-9193-DA4A36CCA27F}"
EndProject
Global
	GlobalSection(SolutionConfigurationPlatforms) = preSolution
		Debug|Any CPU = Debug|Any CPU
		Release|Any CPU = Release|Any CPU
	EndGlobalSection
	GlobalSection(ProjectConfigurationPlatforms) = postSolution
		{CBF03E02-75B9-4C7B-88ED-748043F559EC}.Debug|Any CPU.ActiveCfg = Debug|Any CPU
		{CBF03E02-75B9-4C7B-88ED-748043F559EC}.Debug|Any CPU.Build.0 = Debug|Any CPU
		{CBF03E02-75B9-4C7B-88ED-748043F559EC}.Release|Any CPU.ActiveCfg = Release|Any CPU
		{CBF03E02-75B9-4C7B-88ED-748043F559EC}.Release|Any CPU.Build.0 = Release|Any CPU
		{179824E2-3354-4D33-A4C5-8661D554A679}.Debug|Any CPU.ActiveCfg = Debug|Any CPU
		{179824E2-3354-4D33-A4C5-8661D554A679}.Debug|Any CPU.Build.0 = Debug|Any CPU
		{179824E2-3354-4D33-A4C5-8661D554A679}.Release|Any CPU.ActiveCfg = Release|Any CPU
		{179824E2-3354-4D33-A4C5-8661D554A679}.Release|Any CPU.Build.0 = Release|Any CPU
		{9360BEE7-3DED-468C-934F-F0553850D2CF}.Debug|Any CPU.ActiveCfg = Debug|Any CPU
		{9360BEE7-3DED-468C-934F-F0553850D2CF}.Debug|Any CPU.Build.0 = Debug|Any CPU
		{9360BEE7-3DED-468C-934F-F0553850D2CF}.Release|Any CPU.ActiveCfg = Release|Any CPU
		{9360BEE7-3DED-468C-934F-F0553850D2CF}.Release|Any CPU.Build.0 = Release|Any CPU
		{799D0FF2-2625-4E63-94D7-C8FD0A3CB1B1}.Debug|Any CPU.ActiveCfg = Debug|Any CPU
		{799D0FF2-2625-4E63-94D7-C8FD0A3CB1B1}.Debug|Any CPU.Build.0 = Debug|Any CPU
		{799D0FF2-2625-4E63-94D7-C8FD0A3CB1B1}.Release|Any CPU.ActiveCfg = Release|Any CPU
		{799D0FF2-2625-4E63-94D7-C8FD0A3CB1B1}.Release|Any CPU.Build.0 = Release|Any CPU
		{93EB94D0-74C3-4D75-81EA-25B59294A20D}.Debug|Any CPU.ActiveCfg = Debug|Any CPU
		{93EB94D0-74C3-4D75-81EA-25B59294A20D}.Debug|Any CPU.Build.0 = Debug|Any CPU
		{93EB94D0-74C3-4D75-81EA-25B59294A20D}.Release|Any CPU.ActiveCfg = Release|Any CPU
		{93EB94D0-74C3-4D75-81EA-25B59294A20D}.Release|Any CPU.Build.0 = Release|Any CPU
		{53C3B669-0C1C-4E68-9193-DA4A36CCA27F}.Debug|Any CPU.ActiveCfg = Debug|Any CPU
		{53C3B669-0C1C-4E68-9193-DA4A36CCA27F}.Debug|Any CPU.Build.0 = Debug|Any CPU
		{53C3B669-0C1C-4E68-9193-DA4A36CCA27F}.Release|Any CPU.ActiveCfg = Release|Any CPU
		{53C3B669-0C1C-4E68-9193-DA4A36CCA27F}.Release|Any CPU.Build.0 = Release|Any CPU
	EndGlobalSection
	GlobalSection(SolutionProperties) = preSolution
		HideSolutionNode = FALSE
	EndGlobalSection
	GlobalSection(ExtensibilityGlobals) = postSolution
		SolutionGuid = {A1D129AD-7A8B-44D9-9DB4-D9DADA559346}
	EndGlobalSection
EndGlobal
